PATH
  remote: .
  specs:
    visualize_packs (0.6.0)
      bigdecimal
      packs-specification
      parse_packwerk (>= 0.20.0)
      sorbet-runtime

GEM
  remote: https://rubygems.org/
  specs:
    benchmark (0.5.0)
    bigdecimal (4.1.2)
    diff-lcs (1.6.2)
    erubi (1.13.1)
    logger (1.7.0)
    netrc (0.11.0)
    packs-specification (0.0.11)
      sorbet-runtime
    parallel (2.1.0)
    parse_packwerk (0.27.0)
      bigdecimal
      sorbet-runtime
    prism (1.9.0)
    rbi (0.3.14)
      prism (~> 1.0)
      rbs (>= 4.0.1)
    rbs (4.0.3)
      logger
      prism (>= 1.6.0)
      tsort
    require-hooks (0.4.0)
    rexml (3.4.4)
    rspec (3.13.2)
      rspec-core (~> 3.13.0)
      rspec-expectations (~> 3.13.0)
      rspec-mocks (~> 3.13.0)
    rspec-core (3.13.6)
      rspec-support (~> 3.13.0)
    rspec-expectations (3.13.5)
      diff-lcs (>= 1.2.0, < 2.0)
      rspec-support (~> 3.13.0)
    rspec-mocks (3.13.8)
      diff-lcs (>= 1.2.0, < 2.0)
      rspec-support (~> 3.13.0)
    rspec-support (3.13.7)
    rubydex (0.2.6-aarch64-linux)
    rubydex (0.2.6-arm64-darwin)
    rubydex (0.2.6-x86_64-darwin)
    rubydex (0.2.6-x86_64-linux)
    sorbet (0.6.13321)
      sorbet-static (= 0.6.13321)
    sorbet-runtime (0.6.13321)
    sorbet-static (0.6.13321-aarch64-linux)
    sorbet-static (0.6.13321-universal-darwin)
    sorbet-static (0.6.13321-x86_64-linux)
    sorbet-static-and-runtime (0.6.13321)
      sorbet (= 0.6.13321)
      sorbet-runtime (= 0.6.13321)
    spoom (1.8.2)
      erubi (>= 1.10.0)
      prism (>= 0.28.0)
      rbi (>= 0.3.14)
      rbs (>= 4.0.0.dev.5)
      rexml (>= 3.2.6)
      sorbet-static-and-runtime (>= 0.5.10187)
      thor (>= 0.19.2)
    tapioca (0.19.2)
      benchmark
      bundler (>= 2.2.25)
      netrc (>= 0.11.0)
      parallel (>= 1.21.0)
      rbi (>= 0.3.7)
      require-hooks (>= 0.2.2)
      rubydex (>= 0.1.0.beta10)
      sorbet-static-and-runtime (>= 0.6.12698)
      spoom (>= 1.7.16)
      thor (>= 1.2.0)
      tsort
    thor (1.5.0)
    tsort (0.2.0)

PLATFORMS
  aarch64-linux
  universal-darwin
  x86_64-linux

DEPENDENCIES
  bundler
  rspec (~> 3.12)
  sorbet
  tapioca
  visualize_packs!

BUNDLED WITH
   4.0.15
